
Microsoft Visual Studio Solution File, Format Version 12.00
# Visual Studio 15
VisualStudioVersion = 15.0.27004.2010
MinimumVisualStudioVersion = 10.0.40219.1
Project("{FAE04EC0-301F-11D3-BF4B-00C04F79EFBC}") = "MBDVC.WAPISecurity.SecretKeyService", "MBDVC.WAPISecurity.SecretKeyService\MBDVC.WAPISecurity.SecretKeyService.csproj", "{E01E98DC-DCCA-46FF-A76E-0C1AACF8F6FA}"
EndProject
Project("{9A19103F-16F7-4668-BE54-9A1E7A4F7556}") = "MBDVC.WAPISecurity.Models", "MBDVC.WAPISecurity.Models\MBDVC.WAPISecurity.Models.csproj", "{A136A076-14D6-458A-AC86-8143D67A61D6}"
EndProject
Project("{9A19103F-16F7-4668-BE54-9A1E7A4F7556}") = "MBDVC.WAPISecurity.IServices", "MBDVC.WAPISecurity.IServices\MBDVC.WAPISecurity.IServices.csproj", "{620CDF52-AFF3-4FB2-B6DB-C8D0D1E13FA2}"
EndProject
Project("{9A19103F-16F7-4668-BE54-9A1E7A4F7556}") = "MBDVC.WAPISecurity.MockServices", "MBDVC.WAPISecurity.MockServices\MBDVC.WAPISecurity.MockServices.csproj", "{C0DF2A48-CA69-4405-9683-BDE7D0B14F84}"
EndProject
Project("{FAE04EC0-301F-11D3-BF4B-00C04F79EFBC}") = "MBDVC.WAPISecurity.BasicAuthentication", "MBDVC.WAPISecurity.BasicAuthentication\MBDVC.WAPISecurity.BasicAuthentication.csproj", "{3ADD0A8B-F044-477A-A7EC-36884EA64D21}"
EndProject
Project("{FAE04EC0-301F-11D3-BF4B-00C04F79EFBC}") = "MBDVC.WAPISecurity.ConsoleClient", "MBDVC.WAPISecurity.ConsoleClient\MBDVC.WAPISecurity.ConsoleClient.csproj", "{55E8EC7E-69C5-4F35-BA00-65CAAB3176DC}"
EndProject
Project("{FAE04EC0-301F-11D3-BF4B-00C04F79EFBC}") = "MBDVC.WAPISecurity.TokenAuthentication", "MBDVC.WAPISecurity.TokenAuthentication\MBDVC.WAPISecurity.TokenAuthentication.csproj", "{BB94A600-EA23-438F-9427-C35FC18945A5}"
EndProject
Project("{FAE04EC0-301F-11D3-BF4B-00C04F79EFBC}") = "WebApplication1", "WebApplication1\WebApplication1.csproj", "{75E93A50-C9F5-4634-9364-4716E59A72E0}"
EndProject
Project("{E53339B2-1760-4266-BCC7-CA923CBCF16C}") = "docker-compose", "docker-compose.dcproj", "{A9C5878D-ACA6-472E-AF95-D57EFEE49301}"
EndProject
Project("{FAE04EC0-301F-11D3-BF4B-00C04F79EFBC}") = "MBDVC.WAPISecurity.DbServices", "MBDVC.WAPISecurity.DbServices\MBDVC.WAPISecurity.DbServices.csproj", "{3BF44C4D-FE46-4555-8347-7E276E588A56}"
EndProject
Global
	GlobalSection(SolutionConfigurationPlatforms) = preSolution
		Debug|Any CPU = Debug|Any CPU
		Release|Any CPU = Release|Any CPU
	EndGlobalSection
	GlobalSection(ProjectConfigurationPlatforms) = postSolution
		{E01E98DC-DCCA-46FF-A76E-0C1AACF8F6FA}.Debug|Any CPU.ActiveCfg = Debug|Any CPU
		{E01E98DC-DCCA-46FF-A76E-0C1AACF8F6FA}.Debug|Any CPU.Build.0 = Debug|Any CPU
		{E01E98DC-DCCA-46FF-A76E-0C1AACF8F6FA}.Release|Any CPU.ActiveCfg = Release|Any CPU
		{E01E98DC-DCCA-46FF-A76E-0C1AACF8F6FA}.Release|Any CPU.Build.0 = Release|Any CPU
		{A136A076-14D6-458A-AC86-8143D67A61D6}.Debug|Any CPU.ActiveCfg = Debug|Any CPU
		{A136A076-14D6-458A-AC86-8143D67A61D6}.Debug|Any CPU.Build.0 = Debug|Any CPU
		{A136A076-14D6-458A-AC86-8143D67A61D6}.Release|Any CPU.ActiveCfg = Release|Any CPU
		{A136A076-14D6-458A-AC86-8143D67A61D6}.Release|Any CPU.Build.0 = Release|Any CPU
		{620CDF52-AFF3-4FB2-B6DB-C8D0D1E13FA2}.Debug|Any CPU.ActiveCfg = Debug|Any CPU
		{620CDF52-AFF3-4FB2-B6DB-C8D0D1E13FA2}.Debug|Any CPU.Build.0 = Debug|Any CPU
		{620CDF52-AFF3-4FB2-B6DB-C8D0D1E13FA2}.Release|Any CPU.ActiveCfg = Release|Any CPU
		{620CDF52-AFF3-4FB2-B6DB-C8D0D1E13FA2}.Release|Any CPU.Build.0 = Release|Any CPU
		{C0DF2A48-CA69-4405-9683-BDE7D0B14F84}.Debug|Any CPU.ActiveCfg = Debug|Any CPU
		{C0DF2A48-CA69-4405-9683-BDE7D0B14F84}.Debug|Any CPU.Build.0 = Debug|Any CPU
		{C0DF2A48-CA69-4405-9683-BDE7D0B14F84}.Release|Any CPU.ActiveCfg = Release|Any CPU
		{C0DF2A48-CA69-4405-9683-BDE7D0B14F84}.Release|Any CPU.Build.0 = Release|Any CPU
		{3ADD0A8B-F044-477A-A7EC-36884EA64D21}.Debug|Any CPU.ActiveCfg = Debug|Any CPU
		{3ADD0A8B-F044-477A-A7EC-36884EA64D21}.Debug|Any CPU.Build.0 = Debug|Any CPU
		{3ADD0A8B-F044-477A-A7EC-36884EA64D21}.Release|Any CPU.ActiveCfg = Release|Any CPU
		{3ADD0A8B-F044-477A-A7EC-36884EA64D21}.Release|Any CPU.Build.0 = Release|Any CPU
		{55E8EC7E-69C5-4F35-BA00-65CAAB3176DC}.Debug|Any CPU.ActiveCfg = Debug|Any CPU
		{55E8EC7E-69C5-4F35-BA00-65CAAB3176DC}.Debug|Any CPU.Build.0 = Debug|Any CPU
		{55E8EC7E-69C5-4F35-BA00-65CAAB3176DC}.Release|Any CPU.ActiveCfg = Release|Any CPU
		{55E8EC7E-69C5-4F35-BA00-65CAAB3176DC}.Release|Any CPU.Build.0 = Release|Any CPU
		{BB94A600-EA23-438F-9427-C35FC18945A5}.Debug|Any CPU.ActiveCfg = Debug|Any CPU
		{BB94A600-EA23-438F-9427-C35FC18945A5}.Debug|Any CPU.Build.0 = Debug|Any CPU
		{BB94A600-EA23-438F-9427-C35FC18945A5}.Release|Any CPU.ActiveCfg = Release|Any CPU
		{BB94A600-EA23-438F-9427-C35FC18945A5}.Release|Any CPU.Build.0 = Release|Any CPU
		{75E93A50-C9F5-4634-9364-4716E59A72E0}.Debug|Any CPU.ActiveCfg = Debug|Any CPU
		{75E93A50-C9F5-4634-9364-4716E59A72E0}.Debug|Any CPU.Build.0 = Debug|Any CPU
		{75E93A50-C9F5-4634-9364-4716E59A72E0}.Release|Any CPU.ActiveCfg = Release|Any CPU
		{75E93A50-C9F5-4634-9364-4716E59A72E0}.Release|Any CPU.Build.0 = Release|Any CPU
		{A9C5878D-ACA6-472E-AF95-D57EFEE49301}.Debug|Any CPU.ActiveCfg = Debug|Any CPU
		{A9C5878D-ACA6-472E-AF95-D57EFEE49301}.Debug|Any CPU.Build.0 = Debug|Any CPU
		{A9C5878D-ACA6-472E-AF95-D57EFEE49301}.Release|Any CPU.ActiveCfg = Release|Any CPU
		{A9C5878D-ACA6-472E-AF95-D57EFEE49301}.Release|Any CPU.Build.0 = Release|Any CPU
		{3BF44C4D-FE46-4555-8347-7E276E588A56}.Debug|Any CPU.ActiveCfg = Debug|Any CPU
		{3BF44C4D-FE46-4555-8347-7E276E588A56}.Debug|Any CPU.Build.0 = Debug|Any CPU
		{3BF44C4D-FE46-4555-8347-7E276E588A56}.Release|Any CPU.ActiveCfg = Release|Any CPU
		{3BF44C4D-FE46-4555-8347-7E276E588A56}.Release|Any CPU.Build.0 = Release|Any CPU
	EndGlobalSection
	GlobalSection(SolutionProperties) = preSolution
		HideSolutionNode = FALSE
	EndGlobalSection
	GlobalSection(ExtensibilityGlobals) = postSolution
		SolutionGuid = {8D8F1D0E-5BF1-4088-B691-88E291B3A477}
	EndGlobalSection
EndGlobal
